// !$*UTF8*$!
{
	archiveVersion = 1;
	classes = {
	};
	objectVersion = 50;
	objects = {

/* Begin PBXBuildFile section */
		390AE3CBC40E0A74A84634F0 /* Pods_OpenWeatherMap.framework in Frameworks */ = {isa = PBXBuildFile; fileRef = D856D87890E6E58F8F39B3C8 /* Pods_OpenWeatherMap.framework */; };
		4834E2FE23B657FB005E9443 /* AppDelegate.swift in Sources */ = {isa = PBXBuildFile; fileRef = 4834E2FD23B657FB005E9443 /* AppDelegate.swift */; };
		4834E30023B657FB005E9443 /* SceneDelegate.swift in Sources */ = {isa = PBXBuildFile; fileRef = 4834E2FF23B657FB005E9443 /* SceneDelegate.swift */; };
		4834E30523B657FB005E9443 /* Main.storyboard in Resources */ = {isa = PBXBuildFile; fileRef = 4834E30323B657FB005E9443 /* Main.storyboard */; };
		4834E30723B657FC005E9443 /* Assets.xcassets in Resources */ = {isa = PBXBuildFile; fileRef = 4834E30623B657FC005E9443 /* Assets.xcassets */; };
		4834E30A23B657FC005E9443 /* LaunchScreen.storyboard in Resources */ = {isa = PBXBuildFile; fileRef = 4834E30823B657FC005E9443 /* LaunchScreen.storyboard */; };
		4834E34323B678F8005E9443 /* OWMServiceResonse.swift in Sources */ = {isa = PBXBuildFile; fileRef = 4834E34123B678F8005E9443 /* OWMServiceResonse.swift */; };
		4834E34423B678F8005E9443 /* OWMServerClient.swift in Sources */ = {isa = PBXBuildFile; fileRef = 4834E34223B678F8005E9443 /* OWMServerClient.swift */; };
		4834E34723B6798C005E9443 /* OWMConstants.swift in Sources */ = {isa = PBXBuildFile; fileRef = 4834E34623B6798C005E9443 /* OWMConstants.swift */; };
		4834E34A23B67A0D005E9443 /* OWMForecastListService.swift in Sources */ = {isa = PBXBuildFile; fileRef = 4834E34923B67A0D005E9443 /* OWMForecastListService.swift */; };
		4834E34D23B67A41005E9443 /* OWPWeatherListModel.swift in Sources */ = {isa = PBXBuildFile; fileRef = 4834E34C23B67A41005E9443 /* OWPWeatherListModel.swift */; };
		4834E34F23B67A5C005E9443 /* OWMLocalStore.swift in Sources */ = {isa = PBXBuildFile; fileRef = 4834E34E23B67A5C005E9443 /* OWMLocalStore.swift */; };
		4834E35223B67A7F005E9443 /* OWMForecastListServiceTests.swift in Sources */ = {isa = PBXBuildFile; fileRef = 4834E35023B67A7F005E9443 /* OWMForecastListServiceTests.swift */; };
		4834E35323B67A7F005E9443 /* OWMLocalStoreTests.swift in Sources */ = {isa = PBXBuildFile; fileRef = 4834E35123B67A7F005E9443 /* OWMLocalStoreTests.swift */; };
		4834E36223BAA8A8005E9443 /* OWMWeatherListViewModel.swift in Sources */ = {isa = PBXBuildFile; fileRef = 4834E36123BAA8A8005E9443 /* OWMWeatherListViewModel.swift */; };
		4834E36423BAA8CC005E9443 /* DynamicDataSource.swift in Sources */ = {isa = PBXBuildFile; fileRef = 4834E36323BAA8CC005E9443 /* DynamicDataSource.swift */; };
		4834E36623BAA8F7005E9443 /* DynamicValue.swift in Sources */ = {isa = PBXBuildFile; fileRef = 4834E36523BAA8F7005E9443 /* DynamicValue.swift */; };
		4834E36823BAAA39005E9443 /* OWMWeatherListViewModelTests.swift in Sources */ = {isa = PBXBuildFile; fileRef = 4834E36723BAAA39005E9443 /* OWMWeatherListViewModelTests.swift */; };
		4834E36A23BAAC30005E9443 /* OWMWeatherListViewController.swift in Sources */ = {isa = PBXBuildFile; fileRef = 4834E36923BAAC30005E9443 /* OWMWeatherListViewController.swift */; };
		4834E36D23BAACA2005E9443 /* OWMWeatherListTableViewDataSource.swift in Sources */ = {isa = PBXBuildFile; fileRef = 4834E36C23BAACA2005E9443 /* OWMWeatherListTableViewDataSource.swift */; };
		4834E37023BAAD1A005E9443 /* OWMWeatherTableViewCell.swift in Sources */ = {isa = PBXBuildFile; fileRef = 4834E36F23BAAD1A005E9443 /* OWMWeatherTableViewCell.swift */; };
		4834E37323BAAF81005E9443 /* Double+Extentions.swift in Sources */ = {isa = PBXBuildFile; fileRef = 4834E37223BAAF81005E9443 /* Double+Extentions.swift */; };
		4834E37523BAB479005E9443 /* OWMWeatherListTableViewDataSourceTests.swift in Sources */ = {isa = PBXBuildFile; fileRef = 4834E37423BAB479005E9443 /* OWMWeatherListTableViewDataSourceTests.swift */; };
		4834E37923BABEFB005E9443 /* OWMWeatherDetailsViewModel.swift in Sources */ = {isa = PBXBuildFile; fileRef = 4834E37823BABEFB005E9443 /* OWMWeatherDetailsViewModel.swift */; };
		4834E37D23BAC8F6005E9443 /* OWMWeatherDetailsViewModelTests.swift in Sources */ = {isa = PBXBuildFile; fileRef = 4834E37C23BAC8F6005E9443 /* OWMWeatherDetailsViewModelTests.swift */; };
		6F4D987A2E3450F75CCD7F85 /* Pods_OpenWeatherMapTests.framework in Frameworks */ = {isa = PBXBuildFile; fileRef = 6F910A3195469CE18345334B /* Pods_OpenWeatherMapTests.framework */; };
/* End PBXBuildFile section */

/* Begin PBXContainerItemProxy section */
		4834E31123B657FC005E9443 /* PBXContainerItemProxy */ = {
			isa = PBXContainerItemProxy;
			containerPortal = 4834E2F223B657FB005E9443 /* Project object */;
			proxyType = 1;
			remoteGlobalIDString = 4834E2F923B657FB005E9443;
			remoteInfo = OpenWeatherMap;
		};
/* End PBXContainerItemProxy section */

/* Begin PBXFileReference section */
		35EE7901C7C47B0865500E42 /* Pods-OpenWeatherMap.debug.xcconfig */ = {isa = PBXFileReference; includeInIndex = 1; lastKnownFileType = text.xcconfig; name = "Pods-OpenWeatherMap.debug.xcconfig"; path = "Pods/Target Support Files/Pods-OpenWeatherMap/Pods-OpenWeatherMap.debug.xcconfig"; sourceTree = "<group>"; };
		4834E2FA23B657FB005E9443 /* OpenWeatherMap.app */ = {isa = PBXFileReference; explicitFileType = wrapper.application; includeInIndex = 0; path = OpenWeatherMap.app; sourceTree = BUILT_PRODUCTS_DIR; };
		4834E2FD23B657FB005E9443 /* AppDelegate.swift */ = {isa = PBXFileReference; lastKnownFileType = sourcecode.swift; path = AppDelegate.swift; sourceTree = "<group>"; };
		4834E2FF23B657FB005E9443 /* SceneDelegate.swift */ = {isa = PBXFileReference; lastKnownFileType = sourcecode.swift; path = SceneDelegate.swift; sourceTree = "<group>"; };
		4834E30423B657FB005E9443 /* Base */ = {isa = PBXFileReference; lastKnownFileType = file.storyboard; name = Base; path = Base.lproj/Main.storyboard; sourceTree = "<group>"; };
		4834E30623B657FC005E9443 /* Assets.xcassets */ = {isa = PBXFileReference; lastKnownFileType = folder.assetcatalog; path = Assets.xcassets; sourceTree = "<group>"; };
		4834E30923B657FC005E9443 /* Base */ = {isa = PBXFileReference; lastKnownFileType = file.storyboard; name = Base; path = Base.lproj/LaunchScreen.storyboard; sourceTree = "<group>"; };
		4834E30B23B657FC005E9443 /* Info.plist */ = {isa = PBXFileReference; lastKnownFileType = text.plist.xml; path = Info.plist; sourceTree = "<group>"; };
		4834E31023B657FC005E9443 /* OpenWeatherMapTests.xctest */ = {isa = PBXFileReference; explicitFileType = wrapper.cfbundle; includeInIndex = 0; path = OpenWeatherMapTests.xctest; sourceTree = BUILT_PRODUCTS_DIR; };
		4834E31623B657FC005E9443 /* Info.plist */ = {isa = PBXFileReference; lastKnownFileType = text.plist.xml; path = Info.plist; sourceTree = "<group>"; };
		4834E34123B678F8005E9443 /* OWMServiceResonse.swift */ = {isa = PBXFileReference; fileEncoding = 4; lastKnownFileType = sourcecode.swift; path = OWMServiceResonse.swift; sourceTree = "<group>"; };
		4834E34223B678F8005E9443 /* OWMServerClient.swift */ = {isa = PBXFileReference; fileEncoding = 4; lastKnownFileType = sourcecode.swift; path = OWMServerClient.swift; sourceTree = "<group>"; };
		4834E34623B6798C005E9443 /* OWMConstants.swift */ = {isa = PBXFileReference; fileEncoding = 4; lastKnownFileType = sourcecode.swift; path = OWMConstants.swift; sourceTree = "<group>"; };
		4834E34923B67A0D005E9443 /* OWMForecastListService.swift */ = {isa = PBXFileReference; fileEncoding = 4; lastKnownFileType = sourcecode.swift; path = OWMForecastListService.swift; sourceTree = "<group>"; };
		4834E34C23B67A41005E9443 /* OWPWeatherListModel.swift */ = {isa = PBXFileReference; fileEncoding = 4; lastKnownFileType = sourcecode.swift; path = OWPWeatherListModel.swift; sourceTree = "<group>"; };
		4834E34E23B67A5C005E9443 /* OWMLocalStore.swift */ = {isa = PBXFileReference; fileEncoding = 4; lastKnownFileType = sourcecode.swift; path = OWMLocalStore.swift; sourceTree = "<group>"; };
		4834E35023B67A7F005E9443 /* OWMForecastListServiceTests.swift */ = {isa = PBXFileReference; fileEncoding = 4; lastKnownFileType = sourcecode.swift; path = OWMForecastListServiceTests.swift; sourceTree = "<group>"; };
		4834E35123B67A7F005E9443 /* OWMLocalStoreTests.swift */ = {isa = PBXFileReference; fileEncoding = 4; lastKnownFileType = sourcecode.swift; path = OWMLocalStoreTests.swift; sourceTree = "<group>"; };
		4834E36123BAA8A8005E9443 /* OWMWeatherListViewModel.swift */ = {isa = PBXFileReference; lastKnownFileType = sourcecode.swift; path = OWMWeatherListViewModel.swift; sourceTree = "<group>"; };
		4834E36323BAA8CC005E9443 /* DynamicDataSource.swift */ = {isa = PBXFileReference; lastKnownFileType = sourcecode.swift; path = DynamicDataSource.swift; sourceTree = "<group>"; };
		4834E36523BAA8F7005E9443 /* DynamicValue.swift */ = {isa = PBXFileReference; lastKnownFileType = sourcecode.swift; path = DynamicValue.swift; sourceTree = "<group>"; };
		4834E36723BAAA39005E9443 /* OWMWeatherListViewModelTests.swift */ = {isa = PBXFileReference; lastKnownFileType = sourcecode.swift; path = OWMWeatherListViewModelTests.swift; sourceTree = "<group>"; };
		4834E36923BAAC30005E9443 /* OWMWeatherListViewController.swift */ = {isa = PBXFileReference; lastKnownFileType = sourcecode.swift; path = OWMWeatherListViewController.swift; sourceTree = "<group>"; };
		4834E36C23BAACA2005E9443 /* OWMWeatherListTableViewDataSource.swift */ = {isa = PBXFileReference; lastKnownFileType = sourcecode.swift; path = OWMWeatherListTableViewDataSource.swift; sourceTree = "<group>"; };
		4834E36F23BAAD1A005E9443 /* OWMWeatherTableViewCell.swift */ = {isa = PBXFileReference; lastKnownFileType = sourcecode.swift; path = OWMWeatherTableViewCell.swift; sourceTree = "<group>"; };
		4834E37223BAAF81005E9443 /* Double+Extentions.swift */ = {isa = PBXFileReference; lastKnownFileType = sourcecode.swift; path = "Double+Extentions.swift"; sourceTree = "<group>"; };
		4834E37423BAB479005E9443 /* OWMWeatherListTableViewDataSourceTests.swift */ = {isa = PBXFileReference; lastKnownFileType = sourcecode.swift; path = OWMWeatherListTableViewDataSourceTests.swift; sourceTree = "<group>"; };
		4834E37823BABEFB005E9443 /* OWMWeatherDetailsViewModel.swift */ = {isa = PBXFileReference; lastKnownFileType = sourcecode.swift; path = OWMWeatherDetailsViewModel.swift; sourceTree = "<group>"; };
		4834E37C23BAC8F6005E9443 /* OWMWeatherDetailsViewModelTests.swift */ = {isa = PBXFileReference; lastKnownFileType = sourcecode.swift; path = OWMWeatherDetailsViewModelTests.swift; sourceTree = "<group>"; };
		4DFFE86C4ACA0DDF94CEF48E /* Pods-OpenWeatherMap.release.xcconfig */ = {isa = PBXFileReference; includeInIndex = 1; lastKnownFileType = text.xcconfig; name = "Pods-OpenWeatherMap.release.xcconfig"; path = "Pods/Target Support Files/Pods-OpenWeatherMap/Pods-OpenWeatherMap.release.xcconfig"; sourceTree = "<group>"; };
		649CD9F3B846E4904DE83C59 /* Pods-OpenWeatherMapTests.debug.xcconfig */ = {isa = PBXFileReference; includeInIndex = 1; lastKnownFileType = text.xcconfig; name = "Pods-OpenWeatherMapTests.debug.xcconfig"; path = "Pods/Target Support Files/Pods-OpenWeatherMapTests/Pods-OpenWeatherMapTests.debug.xcconfig"; sourceTree = "<group>"; };
		6F910A3195469CE18345334B /* Pods_OpenWeatherMapTests.framework */ = {isa = PBXFileReference; explicitFileType = wrapper.framework; includeInIndex = 0; path = Pods_OpenWeatherMapTests.framework; sourceTree = BUILT_PRODUCTS_DIR; };
		AF2F3737A1A8498C8A0F1383 /* Pods-OpenWeatherMapTests.release.xcconfig */ = {isa = PBXFileReference; includeInIndex = 1; lastKnownFileType = text.xcconfig; name = "Pods-OpenWeatherMapTests.release.xcconfig"; path = "Pods/Target Support Files/Pods-OpenWeatherMapTests/Pods-OpenWeatherMapTests.release.xcconfig"; sourceTree = "<group>"; };
		D856D87890E6E58F8F39B3C8 /* Pods_OpenWeatherMap.framework */ = {isa = PBXFileReference; explicitFileType = wrapper.framework; includeInIndex = 0; path = Pods_OpenWeatherMap.framework; sourceTree = BUILT_PRODUCTS_DIR; };
/* End PBXFileReference section */

/* Begin PBXFrameworksBuildPhase section */
		4834E2F723B657FB005E9443 /* Frameworks */ = {
			isa = PBXFrameworksBuildPhase;
			buildActionMask = 2147483647;
			files = (
				390AE3CBC40E0A74A84634F0 /* Pods_OpenWeatherMap.framework in Frameworks */,
			);
			runOnlyForDeploymentPostprocessing = 0;
		};
		4834E30D23B657FC005E9443 /* Frameworks */ = {
			isa = PBXFrameworksBuildPhase;
			buildActionMask = 2147483647;
			files = (
				6F4D987A2E3450F75CCD7F85 /* Pods_OpenWeatherMapTests.framework in Frameworks */,
			);
			runOnlyForDeploymentPostprocessing = 0;
		};
/* End PBXFrameworksBuildPhase section */

/* Begin PBXGroup section */
		4834E2F123B657FB005E9443 = {
			isa = PBXGroup;
			children = (
				4834E2FC23B657FB005E9443 /* OpenWeatherMap */,
				4834E31323B657FC005E9443 /* OpenWeatherMapTests */,
				4834E2FB23B657FB005E9443 /* Products */,
				E074F745EB5FAD924D328F4D /* Pods */,
				88464282B344DE28A88E0893 /* Frameworks */,
			);
			sourceTree = "<group>";
		};
		4834E2FB23B657FB005E9443 /* Products */ = {
			isa = PBXGroup;
			children = (
				4834E2FA23B657FB005E9443 /* OpenWeatherMap.app */,
				4834E31023B657FC005E9443 /* OpenWeatherMapTests.xctest */,
			);
			name = Products;
			sourceTree = "<group>";
		};
		4834E2FC23B657FB005E9443 /* OpenWeatherMap */ = {
			isa = PBXGroup;
			children = (
				4834E34023B678F8005E9443 /* Helper */,
				4834E35D23BAA796005E9443 /* Views */,
				4834E36023BAA867005E9443 /* ViewModels */,
				4834E34B23B67A41005E9443 /* Models */,
				4834E36B23BAAC61005E9443 /* TableViewDataSource */,
				4834E36E23BAACCD005E9443 /* CustomCells */,
				4834E37123BAAF5D005E9443 /* Extenstions */,
				4834E34523B67955005E9443 /* LocalStore */,
				4834E34823B67A0D005E9443 /* Services */,
				4834E2FD23B657FB005E9443 /* AppDelegate.swift */,
				4834E2FF23B657FB005E9443 /* SceneDelegate.swift */,
				4834E30323B657FB005E9443 /* Main.storyboard */,
				4834E30623B657FC005E9443 /* Assets.xcassets */,
				4834E30823B657FC005E9443 /* LaunchScreen.storyboard */,
				4834E30B23B657FC005E9443 /* Info.plist */,
			);
			path = OpenWeatherMap;
			sourceTree = "<group>";
		};
		4834E31323B657FC005E9443 /* OpenWeatherMapTests */ = {
			isa = PBXGroup;
			children = (
				4834E35023B67A7F005E9443 /* OWMForecastListServiceTests.swift */,
				4834E35123B67A7F005E9443 /* OWMLocalStoreTests.swift */,
				4834E36723BAAA39005E9443 /* OWMWeatherListViewModelTests.swift */,
				4834E37423BAB479005E9443 /* OWMWeatherListTableViewDataSourceTests.swift */,
				4834E37C23BAC8F6005E9443 /* OWMWeatherDetailsViewModelTests.swift */,
				4834E31623B657FC005E9443 /* Info.plist */,
			);
			path = OpenWeatherMapTests;
			sourceTree = "<group>";
		};
		4834E34023B678F8005E9443 /* Helper */ = {
			isa = PBXGroup;
			children = (
				4834E34123B678F8005E9443 /* OWMServiceResonse.swift */,
				4834E34223B678F8005E9443 /* OWMServerClient.swift */,
				4834E36323BAA8CC005E9443 /* DynamicDataSource.swift */,
				4834E36523BAA8F7005E9443 /* DynamicValue.swift */,
			);
			path = Helper;
			sourceTree = "<group>";
		};
		4834E34523B67955005E9443 /* LocalStore */ = {
			isa = PBXGroup;
			children = (
				4834E34623B6798C005E9443 /* OWMConstants.swift */,
				4834E34E23B67A5C005E9443 /* OWMLocalStore.swift */,
			);
			path = LocalStore;
			sourceTree = "<group>";
		};
		4834E34823B67A0D005E9443 /* Services */ = {
			isa = PBXGroup;
			children = (
				4834E34923B67A0D005E9443 /* OWMForecastListService.swift */,
			);
			path = Services;
			sourceTree = "<group>";
		};
		4834E34B23B67A41005E9443 /* Models */ = {
			isa = PBXGroup;
			children = (
				4834E34C23B67A41005E9443 /* OWPWeatherListModel.swift */,
			);
			path = Models;
			sourceTree = "<group>";
		};
		4834E35D23BAA796005E9443 /* Views */ = {
			isa = PBXGroup;
			children = (
				4834E36923BAAC30005E9443 /* OWMWeatherListViewController.swift */,
			);
			path = Views;
			sourceTree = "<group>";
		};
		4834E36023BAA867005E9443 /* ViewModels */ = {
			isa = PBXGroup;
			children = (
				4834E36123BAA8A8005E9443 /* OWMWeatherListViewModel.swift */,
				4834E37823BABEFB005E9443 /* OWMWeatherDetailsViewModel.swift */,
			);
			path = ViewModels;
			sourceTree = "<group>";
		};
		4834E36B23BAAC61005E9443 /* TableViewDataSource */ = {
			isa = PBXGroup;
			children = (
				4834E36C23BAACA2005E9443 /* OWMWeatherListTableViewDataSource.swift */,
			);
			path = TableViewDataSource;
			sourceTree = "<group>";
		};
		4834E36E23BAACCD005E9443 /* CustomCells */ = {
			isa = PBXGroup;
			children = (
				4834E36F23BAAD1A005E9443 /* OWMWeatherTableViewCell.swift */,
			);
			path = CustomCells;
			sourceTree = "<group>";
		};
		4834E37123BAAF5D005E9443 /* Extenstions */ = {
			isa = PBXGroup;
			children = (
				4834E37223BAAF81005E9443 /* Double+Extentions.swift */,
			);
			path = Extenstions;
			sourceTree = "<group>";
		};
		88464282B344DE28A88E0893 /* Frameworks */ = {
			isa = PBXGroup;
			children = (
				D856D87890E6E58F8F39B3C8 /* Pods_OpenWeatherMap.framework */,
				6F910A3195469CE18345334B /* Pods_OpenWeatherMapTests.framework */,
			);
			name = Frameworks;
			sourceTree = "<group>";
		};
		E074F745EB5FAD924D328F4D /* Pods */ = {
			isa = PBXGroup;
			children = (
				35EE7901C7C47B0865500E42 /* Pods-OpenWeatherMap.debug.xcconfig */,
				4DFFE86C4ACA0DDF94CEF48E /* Pods-OpenWeatherMap.release.xcconfig */,
				649CD9F3B846E4904DE83C59 /* Pods-OpenWeatherMapTests.debug.xcconfig */,
				AF2F3737A1A8498C8A0F1383 /* Pods-OpenWeatherMapTests.release.xcconfig */,
			);
			name = Pods;
			sourceTree = "<group>";
		};
/* End PBXGroup section */

/* Begin PBXNativeTarget section */
		4834E2F923B657FB005E9443 /* OpenWeatherMap */ = {
			isa = PBXNativeTarget;
			buildConfigurationList = 4834E31923B657FC005E9443 /* Build configuration list for PBXNativeTarget "OpenWeatherMap" */;
			buildPhases = (
				43526D8D41F641C71E56EF77 /* [CP] Check Pods Manifest.lock */,
				4834E2F623B657FB005E9443 /* Sources */,
				4834E2F723B657FB005E9443 /* Frameworks */,
				4834E2F823B657FB005E9443 /* Resources */,
				0EE00297DB5960248B3CD3F6 /* [CP] Embed Pods Frameworks */,
			);
			buildRules = (
			);
			dependencies = (
			);
			name = OpenWeatherMap;
			productName = OpenWeatherMap;
			productReference = 4834E2FA23B657FB005E9443 /* OpenWeatherMap.app */;
			productType = "com.apple.product-type.application";
		};
		4834E30F23B657FC005E9443 /* OpenWeatherMapTests */ = {
			isa = PBXNativeTarget;
			buildConfigurationList = 4834E31C23B657FC005E9443 /* Build configuration list for PBXNativeTarget "OpenWeatherMapTests" */;
			buildPhases = (
				A9FE6E8EEA36AA3F6654C3F6 /* [CP] Check Pods Manifest.lock */,
				4834E30C23B657FC005E9443 /* Sources */,
				4834E30D23B657FC005E9443 /* Frameworks */,
				4834E30E23B657FC005E9443 /* Resources */,
			);
			buildRules = (
			);
			dependencies = (
				4834E31223B657FC005E9443 /* PBXTargetDependency */,
			);
			name = OpenWeatherMapTests;
			productName = OpenWeatherMapTests;
			productReference = 4834E31023B657FC005E9443 /* OpenWeatherMapTests.xctest */;
			productType = "com.apple.product-type.bundle.unit-test";
		};
/* End PBXNativeTarget section */

/* Begin PBXProject section */
		4834E2F223B657FB005E9443 /* Project object */ = {
			isa = PBXProject;
			attributes = {
				LastSwiftUpdateCheck = 1120;
				LastUpgradeCheck = 1120;
				ORGANIZATIONNAME = "Mona Qora";
				TargetAttributes = {
					4834E2F923B657FB005E9443 = {
						CreatedOnToolsVersion = 11.2.1;
					};
					4834E30F23B657FC005E9443 = {
						CreatedOnToolsVersion = 11.2.1;
						TestTargetID = 4834E2F923B657FB005E9443;
					};
				};
			};
			buildConfigurationList = 4834E2F523B657FB005E9443 /* Build configuration list for PBXProject "OpenWeatherMap" */;
			compatibilityVersion = "Xcode 9.3";
			developmentRegion = en;
			hasScannedForEncodings = 0;
			knownRegions = (
				en,
				Base,
			);
			mainGroup = 4834E2F123B657FB005E9443;
			productRefGroup = 4834E2FB23B657FB005E9443 /* Products */;
			projectDirPath = "";
			projectRoot = "";
			targets = (
				4834E2F923B657FB005E9443 /* OpenWeatherMap */,
				4834E30F23B657FC005E9443 /* OpenWeatherMapTests */,
			);
		};
/* End PBXProject section */

/* Begin PBXResourcesBuildPhase section */
		4834E2F823B657FB005E9443 /* Resources */ = {
			isa = PBXResourcesBuildPhase;
			buildActionMask = 2147483647;
			files = (
				4834E30A23B657FC005E9443 /* LaunchScreen.storyboard in Resources */,
				4834E30723B657FC005E9443 /* Assets.xcassets in Resources */,
				4834E30523B657FB005E9443 /* Main.storyboard in Resources */,
			);
			runOnlyForDeploymentPostprocessing = 0;
		};
		4834E30E23B657FC005E9443 /* Resources */ = {
			isa = PBXResourcesBuildPhase;
			buildActionMask = 2147483647;
			files = (
			);
			runOnlyForDeploymentPostprocessing = 0;
		};
/* End PBXResourcesBuildPhase section */

/* Begin PBXShellScriptBuildPhase section */
		0EE00297DB5960248B3CD3F6 /* [CP] Embed Pods Frameworks */ = {
			isa = PBXShellScriptBuildPhase;
			buildActionMask = 2147483647;
			files = (
			);
			inputFileListPaths = (
			);
			inputPaths = (
				"${SRCROOT}/Pods/Target Support Files/Pods-OpenWeatherMap/Pods-OpenWeatherMap-frameworks.sh",
				"${BUILT_PRODUCTS_DIR}/ReachabilitySwift/Reachability.framework",
				"${BUILT_PRODUCTS_DIR}/SDWebImage/SDWebImage.framework",
			);
			name = "[CP] Embed Pods Frameworks";
			outputFileListPaths = (
			);
			outputPaths = (
				"${TARGET_BUILD_DIR}/${FRAMEWORKS_FOLDER_PATH}/Reachability.framework",
				"${TARGET_BUILD_DIR}/${FRAMEWORKS_FOLDER_PATH}/SDWebImage.framework",
			);
			runOnlyForDeploymentPostprocessing = 0;
			shellPath = /bin/sh;
			shellScript = "\"${SRCROOT}/Pods/Target Support Files/Pods-OpenWeatherMap/Pods-OpenWeatherMap-frameworks.sh\"\n";
			showEnvVarsInLog = 0;
		};
		43526D8D41F641C71E56EF77 /* [CP] Check Pods Manifest.lock */ = {
			isa = PBXShellScriptBuildPhase;
			buildActionMask = 2147483647;
			files = (
			);
			inputFileListPaths = (
			);
			inputPaths = (
				"${PODS_PODFILE_DIR_PATH}/Podfile.lock",
				"${PODS_ROOT}/Manifest.lock",
			);
			name = "[CP] Check Pods Manifest.lock";
			outputFileListPaths = (
			);
			outputPaths = (
				"$(DERIVED_FILE_DIR)/Pods-OpenWeatherMap-checkManifestLockResult.txt",
			);
			runOnlyForDeploymentPostprocessing = 0;
			shellPath = /bin/sh;
			shellScript = "diff \"${PODS_PODFILE_DIR_PATH}/Podfile.lock\" \"${PODS_ROOT}/Manifest.lock\" > /dev/null\nif [ $? != 0 ] ; then\n    # print error to STDERR\n    echo \"error: The sandbox is not in sync with the Podfile.lock. Run 'pod install' or update your CocoaPods installation.\" >&2\n    exit 1\nfi\n# This output is used by Xcode 'outputs' to avoid re-running this script phase.\necho \"SUCCESS\" > \"${SCRIPT_OUTPUT_FILE_0}\"\n";
			showEnvVarsInLog = 0;
		};
		A9FE6E8EEA36AA3F6654C3F6 /* [CP] Check Pods Manifest.lock */ = {
			isa = PBXShellScriptBuildPhase;
			buildActionMask = 2147483647;
			files = (
			);
			inputFileListPaths = (
			);
			inputPaths = (
				"${PODS_PODFILE_DIR_PATH}/Podfile.lock",
				"${PODS_ROOT}/Manifest.lock",
			);
			name = "[CP] Check Pods Manifest.lock";
			outputFileListPaths = (
			);
			outputPaths = (
				"$(DERIVED_FILE_DIR)/Pods-OpenWeatherMapTests-checkManifestLockResult.txt",
			);
			runOnlyForDeploymentPostprocessing = 0;
			shellPath = /bin/sh;
			shellScript = "diff \"${PODS_PODFILE_DIR_PATH}/Podfile.lock\" \"${PODS_ROOT}/Manifest.lock\" > /dev/null\nif [ $? != 0 ] ; then\n    # print error to STDERR\n    echo \"error: The sandbox is not in sync with the Podfile.lock. Run 'pod install' or update your CocoaPods installation.\" >&2\n    exit 1\nfi\n# This output is used by Xcode 'outputs' to avoid re-running this script phase.\necho \"SUCCESS\" > \"${SCRIPT_OUTPUT_FILE_0}\"\n";
			showEnvVarsInLog = 0;
		};
/* End PBXShellScriptBuildPhase section */

/* Begin PBXSourcesBuildPhase section */
		4834E2F623B657FB005E9443 /* Sources */ = {
			isa = PBXSourcesBuildPhase;
			buildActionMask = 2147483647;
			files = (
				4834E37923BABEFB005E9443 /* OWMWeatherDetailsViewModel.swift in Sources */,
				4834E34A23B67A0D005E9443 /* OWMForecastListService.swift in Sources */,
				4834E36623BAA8F7005E9443 /* DynamicValue.swift in Sources */,
				4834E37023BAAD1A005E9443 /* OWMWeatherTableViewCell.swift in Sources */,
				4834E34423B678F8005E9443 /* OWMServerClient.swift in Sources */,
				4834E36223BAA8A8005E9443 /* OWMWeatherListViewModel.swift in Sources */,
				4834E34323B678F8005E9443 /* OWMServiceResonse.swift in Sources */,
				4834E36423BAA8CC005E9443 /* DynamicDataSource.swift in Sources */,
				4834E34723B6798C005E9443 /* OWMConstants.swift in Sources */,
				4834E2FE23B657FB005E9443 /* AppDelegate.swift in Sources */,
				4834E37323BAAF81005E9443 /* Double+Extentions.swift in Sources */,
				4834E36D23BAACA2005E9443 /* OWMWeatherListTableViewDataSource.swift in Sources */,
				4834E34F23B67A5C005E9443 /* OWMLocalStore.swift in Sources */,
				4834E30023B657FB005E9443 /* SceneDelegate.swift in Sources */,
				4834E34D23B67A41005E9443 /* OWPWeatherListModel.swift in Sources */,
				4834E36A23BAAC30005E9443 /* OWMWeatherListViewController.swift in Sources */,
			);
			runOnlyForDeploymentPostprocessing = 0;
		};
		4834E30C23B657FC005E9443 /* Sources */ = {
			isa = PBXSourcesBuildPhase;
			buildActionMask = 2147483647;
			files = (
				4834E36823BAAA39005E9443 /* OWMWeatherListViewModelTests.swift in Sources */,
				4834E37D23BAC8F6005E9443 /* OWMWeatherDetailsViewModelTests.swift in Sources */,
				4834E35223B67A7F005E9443 /* OWMForecastListServiceTests.swift in Sources */,
				4834E35323B67A7F005E9443 /* OWMLocalStoreTests.swift in Sources */,
				4834E37523BAB479005E9443 /* OWMWeatherListTableViewDataSourceTests.swift in Sources */,
			);
			runOnlyForDeploymentPostprocessing = 0;
		};
/* End PBXSourcesBuildPhase section */

/* Begin PBXTargetDependency section */
		4834E31223B657FC005E9443 /* PBXTargetDependency */ = {
			isa = PBXTargetDependency;
			target = 4834E2F923B657FB005E9443 /* OpenWeatherMap */;
			targetProxy = 4834E31123B657FC005E9443 /* PBXContainerItemProxy */;
		};
/* End PBXTargetDependency section */

/* Begin PBXVariantGroup section */
		4834E30323B657FB005E9443 /* Main.storyboard */ = {
			isa = PBXVariantGroup;
			children = (
				4834E30423B657FB005E9443 /* Base */,
			);
			name = Main.storyboard;
			sourceTree = "<group>";
		};
		4834E30823B657FC005E9443 /* LaunchScreen.storyboard */ = {
			isa = PBXVariantGroup;
			children = (
				4834E30923B657FC005E9443 /* Base */,
			);
			name = LaunchScreen.storyboard;
			sourceTree = "<group>";
		};
/* End PBXVariantGroup section */

/* Begin XCBuildConfiguration section */
		4834E31723B657FC005E9443 /* Debug */ = {
			isa = XCBuildConfiguration;
			buildSettings = {
				ALWAYS_SEARCH_USER_PATHS = NO;
				CLANG_ANALYZER_NONNULL = YES;
				CLANG_ANALYZER_NUMBER_OBJECT_CONVERSION = YES_AGGRESSIVE;
				CLANG_CXX_LANGUAGE_STANDARD = "gnu++14";
				CLANG_CXX_LIBRARY = "libc++";
				CLANG_ENABLE_MODULES = YES;
				CLANG_ENABLE_OBJC_ARC = YES;
				CLANG_ENABLE_OBJC_WEAK = YES;
				CLANG_WARN_BLOCK_CAPTURE_AUTORELEASING = YES;
				CLANG_WARN_BOOL_CONVERSION = YES;
				CLANG_WARN_COMMA = YES;
				CLANG_WARN_CONSTANT_CONVERSION = YES;
				CLANG_WARN_DEPRECATED_OBJC_IMPLEMENTATIONS = YES;
				CLANG_WARN_DIRECT_OBJC_ISA_USAGE = YES_ERROR;
				CLANG_WARN_DOCUMENTATION_COMMENTS = YES;
				CLANG_WARN_EMPTY_BODY = YES;
				CLANG_WARN_ENUM_CONVERSION = YES;
				CLANG_WARN_INFINITE_RECURSION = YES;
				CLANG_WARN_INT_CONVERSION = YES;
				CLANG_WARN_NON_LITERAL_NULL_CONVERSION = YES;
				CLANG_WARN_OBJC_IMPLICIT_RETAIN_SELF = YES;
				CLANG_WARN_OBJC_LITERAL_CONVERSION = YES;
				CLANG_WARN_OBJC_ROOT_CLASS = YES_ERROR;
				CLANG_WARN_RANGE_LOOP_ANALYSIS = YES;
				CLANG_WARN_STRICT_PROTOTYPES = YES;
				CLANG_WARN_SUSPICIOUS_MOVE = YES;
				CLANG_WARN_UNGUARDED_AVAILABILITY = YES_AGGRESSIVE;
				CLANG_WARN_UNREACHABLE_CODE = YES;
				CLANG_WARN__DUPLICATE_METHOD_MATCH = YES;
				COPY_PHASE_STRIP = NO;
				DEBUG_INFORMATION_FORMAT = dwarf;
				ENABLE_STRICT_OBJC_MSGSEND = YES;
				ENABLE_TESTABILITY = YES;
				GCC_C_LANGUAGE_STANDARD = gnu11;
				GCC_DYNAMIC_NO_PIC = NO;
				GCC_NO_COMMON_BLOCKS = YES;
				GCC_OPTIMIZATION_LEVEL = 0;
				GCC_PREPROCESSOR_DEFINITIONS = (
					"DEBUG=1",
					"$(inherited)",
				);
				GCC_WARN_64_TO_32_BIT_CONVERSION = YES;
				GCC_WARN_ABOUT_RETURN_TYPE = YES_ERROR;
				GCC_WARN_UNDECLARED_SELECTOR = YES;
				GCC_WARN_UNINITIALIZED_AUTOS = YES_AGGRESSIVE;
				GCC_WARN_UNUSED_FUNCTION = YES;
				GCC_WARN_UNUSED_VARIABLE = YES;
				IPHONEOS_DEPLOYMENT_TARGET = 11.0;
				MTL_ENABLE_DEBUG_INFO = INCLUDE_SOURCE;
				MTL_FAST_MATH = YES;
				ONLY_ACTIVE_ARCH = YES;
				SDKROOT = iphoneos;
				SWIFT_ACTIVE_COMPILATION_CONDITIONS = DEBUG;
				SWIFT_OPTIMIZATION_LEVEL = "-Onone";
			};
			name = Debug;
		};
		4834E31823B657FC005E9443 /* Release */ = {
			isa = XCBuildConfiguration;
			buildSettings = {
				ALWAYS_SEARCH_USER_PATHS = NO;
				CLANG_ANALYZER_NONNULL = YES;
				CLANG_ANALYZER_NUMBER_OBJECT_CONVERSION = YES_AGGRESSIVE;
				CLANG_CXX_LANGUAGE_STANDARD = "gnu++14";
				CLANG_CXX_LIBRARY = "libc++";
				CLANG_ENABLE_MODULES = YES;
				CLANG_ENABLE_OBJC_ARC = YES;
				CLANG_ENABLE_OBJC_WEAK = YES;
				CLANG_WARN_BLOCK_CAPTURE_AUTORELEASING = YES;
				CLANG_WARN_BOOL_CONVERSION = YES;
				CLANG_WARN_COMMA = YES;
				CLANG_WARN_CONSTANT_CONVERSION = YES;
				CLANG_WARN_DEPRECATED_OBJC_IMPLEMENTATIONS = YES;
				CLANG_WARN_DIRECT_OBJC_ISA_USAGE = YES_ERROR;
				CLANG_WARN_DOCUMENTATION_COMMENTS = YES;
				CLANG_WARN_EMPTY_BODY = YES;
				CLANG_WARN_ENUM_CONVERSION = YES;
				CLANG_WARN_INFINITE_RECURSION = YES;
				CLANG_WARN_INT_CONVERSION = YES;
				CLANG_WARN_NON_LITERAL_NULL_CONVERSION = YES;
				CLANG_WARN_OBJC_IMPLICIT_RETAIN_SELF = YES;
				CLANG_WARN_OBJC_LITERAL_CONVERSION = YES;
				CLANG_WARN_OBJC_ROOT_CLASS = YES_ERROR;
				CLANG_WARN_RANGE_LOOP_ANALYSIS = YES;
				CLANG_WARN_STRICT_PROTOTYPES = YES;
				CLANG_WARN_SUSPICIOUS_MOVE = YES;
				CLANG_WARN_UNGUARDED_AVAILABILITY = YES_AGGRESSIVE;
				CLANG_WARN_UNREACHABLE_CODE = YES;
				CLANG_WARN__DUPLICATE_METHOD_MATCH = YES;
				COPY_PHASE_STRIP = NO;
				DEBUG_INFORMATION_FORMAT = "dwarf-with-dsym";
				ENABLE_NS_ASSERTIONS = NO;
				ENABLE_STRICT_OBJC_MSGSEND = YES;
				GCC_C_LANGUAGE_STANDARD = gnu11;
				GCC_NO_COMMON_BLOCKS = YES;
				GCC_WARN_64_TO_32_BIT_CONVERSION = YES;
				GCC_WARN_ABOUT_RETURN_TYPE = YES_ERROR;
				GCC_WARN_UNDECLARED_SELECTOR = YES;
				GCC_WARN_UNINITIALIZED_AUTOS = YES_AGGRESSIVE;
				GCC_WARN_UNUSED_FUNCTION = YES;
				GCC_WARN_UNUSED_VARIABLE = YES;
				IPHONEOS_DEPLOYMENT_TARGET = 11.0;
				MTL_ENABLE_DEBUG_INFO = NO;
				MTL_FAST_MATH = YES;
				SDKROOT = iphoneos;
				SWIFT_COMPILATION_MODE = wholemodule;
				SWIFT_OPTIMIZATION_LEVEL = "-O";
				VALIDATE_PRODUCT = YES;
			};
			name = Release;
		};
		4834E31A23B657FC005E9443 /* Debug */ = {
			isa = XCBuildConfiguration;
			baseConfigurationReference = 35EE7901C7C47B0865500E42 /* Pods-OpenWeatherMap.debug.xcconfig */;
			buildSettings = {
				ASSETCATALOG_COMPILER_APPICON_NAME = AppIcon;
				CODE_SIGN_STYLE = Automatic;
				INFOPLIST_FILE = OpenWeatherMap/Info.plist;
				LD_RUNPATH_SEARCH_PATHS = (
					"$(inherited)",
					"@executable_path/Frameworks",
				);
				PRODUCT_BUNDLE_IDENTIFIER = MonaQora.OpenWeatherMap;
				PRODUCT_NAME = "$(TARGET_NAME)";
				SWIFT_VERSION = 5.0;
				TARGETED_DEVICE_FAMILY = "1,2";
			};
			name = Debug;
		};
		4834E31B23B657FC005E9443 /* Release */ = {
			isa = XCBuildConfiguration;
			baseConfigurationReference = 4DFFE86C4ACA0DDF94CEF48E /* Pods-OpenWeatherMap.release.xcconfig */;
			buildSettings = {
				ASSETCATALOG_COMPILER_APPICON_NAME = AppIcon;
				CODE_SIGN_STYLE = Automatic;
				INFOPLIST_FILE = OpenWeatherMap/Info.plist;
				LD_RUNPATH_SEARCH_PATHS = (
					"$(inherited)",
					"@executable_path/Frameworks",
				);
				PRODUCT_BUNDLE_IDENTIFIER = MonaQora.OpenWeatherMap;
				PRODUCT_NAME = "$(TARGET_NAME)";
				SWIFT_VERSION = 5.0;
				TARGETED_DEVICE_FAMILY = "1,2";
			};
			name = Release;
		};
		4834E31D23B657FC005E9443 /* Debug */ = {
			isa = XCBuildConfiguration;
			baseConfigurationReference = 649CD9F3B846E4904DE83C59 /* Pods-OpenWeatherMapTests.debug.xcconfig */;
			buildSettings = {
				ALWAYS_EMBED_SWIFT_STANDARD_LIBRARIES = YES;
				BUNDLE_LOADER = "$(TEST_HOST)";
				CODE_SIGN_STYLE = Automatic;
				INFOPLIST_FILE = OpenWeatherMapTests/Info.plist;
				IPHONEOS_DEPLOYMENT_TARGET = 13.2;
				LD_RUNPATH_SEARCH_PATHS = (
					"$(inherited)",
					"@executable_path/Frameworks",
					"@loader_path/Frameworks",
				);
				PRODUCT_BUNDLE_IDENTIFIER = MonaQora.OpenWeatherMapTests;
				PRODUCT_NAME = "$(TARGET_NAME)";
				SWIFT_VERSION = 5.0;
				TARGETED_DEVICE_FAMILY = "1,2";
				TEST_HOST = "$(BUILT_PRODUCTS_DIR)/OpenWeatherMap.app/OpenWeatherMap";
			};
			name = Debug;
		};
		4834E31E23B657FC005E9443 /* Release */ = {
			isa = XCBuildConfiguration;
			baseConfigurationReference = AF2F3737A1A8498C8A0F1383 /* Pods-OpenWeatherMapTests.release.xcconfig */;
			buildSettings = {
				ALWAYS_EMBED_SWIFT_STANDARD_LIBRARIES = YES;
				BUNDLE_LOADER = "$(TEST_HOST)";
				CODE_SIGN_STYLE = Automatic;
				INFOPLIST_FILE = OpenWeatherMapTests/Info.plist;
				IPHONEOS_DEPLOYMENT_TARGET = 13.2;
				LD_RUNPATH_SEARCH_PATHS = (
					"$(inherited)",
					"@executable_path/Frameworks",
					"@loader_path/Frameworks",
				);
				PRODUCT_BUNDLE_IDENTIFIER = MonaQora.OpenWeatherMapTests;
				PRODUCT_NAME = "$(TARGET_NAME)";
				SWIFT_VERSION = 5.0;
				TARGETED_DEVICE_FAMILY = "1,2";
				TEST_HOST = "$(BUILT_PRODUCTS_DIR)/OpenWeatherMap.app/OpenWeatherMap";
			};
			name = Release;
		};
/* End XCBuildConfiguration section */

/* Begin XCConfigurationList section */
		4834E2F523B657FB005E9443 /* Build configuration list for PBXProject "OpenWeatherMap" */ = {
			isa = XCConfigurationList;
			buildConfigurations = (
				4834E31723B657FC005E9443 /* Debug */,
				4834E31823B657FC005E9443 /* Release */,
			);
			defaultConfigurationIsVisible = 0;
			defaultConfigurationName = Release;
		};
		4834E31923B657FC005E9443 /* Build configuration list for PBXNativeTarget "OpenWeatherMap" */ = {
			isa = XCConfigurationList;
			buildConfigurations = (
				4834E31A23B657FC005E9443 /* Debug */,
				4834E31B23B657FC005E9443 /* Release */,
			);
			defaultConfigurationIsVisible = 0;
			defaultConfigurationName = Release;
		};
		4834E31C23B657FC005E9443 /* Build configuration list for PBXNativeTarget "OpenWeatherMapTests" */ = {
			isa = XCConfigurationList;
			buildConfigurations = (
				4834E31D23B657FC005E9443 /* Debug */,
				4834E31E23B657FC005E9443 /* Release */,
			);
			defaultConfigurationIsVisible = 0;
			defaultConfigurationName = Release;
		};
/* End XCConfigurationList section */
	};
	rootObject = 4834E2F223B657FB005E9443 /* Project object */;
}
